
Microsoft Visual Studio Solution File, Format Version 12.00
# Visual Studio Version 16
VisualStudioVersion = 16.0.28803.352
MinimumVisualStudioVersion = 10.0.40219.1
Project("{9A19103F-16F7-4668-BE54-9A1E7A4F7556}") = "DynamicSugarCore", "DynamicSugar.Lib\DynamicSugarCore.csproj", "{0EB2B525-001E-4326-8DA8-818A3D016583}"
EndProject
Project("{FAE04EC0-301F-11D3-BF4B-00C04F79EFBC}") = "DynamicSugarCore.UnitTests", "DynamicSugarCore.UnitTests\DynamicSugarCore.UnitTests.csproj", "{70C6D206-E318-433D-A47D-B6CDD5AD93A1}"
EndProject
Global
	GlobalSection(SolutionConfigurationPlatforms) = preSolution
		Debug|Any CPU = Debug|Any CPU
		Release|Any CPU = Release|Any CPU
	EndGlobalSection
	GlobalSection(ProjectConfigurationPlatforms) = postSolution
		{0EB2B525-001E-4326-8DA8-818A3D016583}.Debug|Any CPU.ActiveCfg = Debug|Any CPU
		{0EB2B525-001E-4326-8DA8-818A3D016583}.Debug|Any CPU.Build.0 = Debug|Any CPU
		{0EB2B525-001E-4326-8DA8-818A3D016583}.Release|Any CPU.ActiveCfg = Release|Any CPU
		{0EB2B525-001E-4326-8DA8-818A3D016583}.Release|Any CPU.Build.0 = Release|Any CPU
		{70C6D206-E318-433D-A47D-B6CDD5AD93A1}.Debug|Any CPU.ActiveCfg = Debug|Any CPU
		{70C6D206-E318-433D-A47D-B6CDD5AD93A1}.Debug|Any CPU.Build.0 = Debug|Any CPU
		{70C6D206-E318-433D-A47D-B6CDD5AD93A1}.Release|Any CPU.ActiveCfg = Release|Any CPU
		{70C6D206-E318-433D-A47D-B6CDD5AD93A1}.Release|Any CPU.Build.0 = Release|Any CPU
	EndGlobalSection
	GlobalSection(SolutionProperties) = preSolution
		HideSolutionNode = FALSE
	EndGlobalSection
	GlobalSection(ExtensibilityGlobals) = postSolution
		SolutionGuid = {5D606B34-39BA-41BB-BD22-C87B4FCD304F}
	EndGlobalSection
EndGlobal
